
Microsoft Visual Studio Solution File, Format Version 12.00
# Visual Studio Version 16
VisualStudioVersion = 16.0.30717.126
MinimumVisualStudioVersion = 10.0.40219.1
Project("{9A19103F-16F7-4668-BE54-9A1E7A4F7556}") = "LaundryMS-AD2", "LaundryMS-AD2.csproj", "{FE26E591-260B-4467-8473-277BE416896C}"
EndProject
Global
	GlobalSection(SolutionConfigurationPlatforms) = preSolution
		Debug|Any CPU = Debug|Any CPU
		Release|Any CPU = Release|Any CPU
	EndGlobalSection
	GlobalSection(ProjectConfigurationPlatforms) = postSolution
		{FE26E591-260B-4467-8473-277BE416896C}.Debug|Any CPU.ActiveCfg = Debug|Any CPU
		{FE26E591-260B-4467-8473-277BE416896C}.Debug|Any CPU.Build.0 = Debug|Any CPU
		{FE26E591-260B-4467-8473-277BE416896C}.Release|Any CPU.ActiveCfg = Release|Any CPU
		{FE26E591-260B-4467-8473-277BE416896C}.Release|Any CPU.Build.0 = Release|Any CPU
	EndGlobalSection
	GlobalSection(SolutionProperties) = preSolution
		HideSolutionNode = FALSE
	EndGlobalSection
	GlobalSection(ExtensibilityGlobals) = postSolution
		SolutionGuid = {BA5C06D0-FB90-4D80-9C1A-C58C229B6424}
	EndGlobalSection
EndGlobal
